// !$*UTF8*$!
{
	archiveVersion = 1;
	classes = {
	};
	objectVersion = 50;
	objects = {

/* Begin PBXBuildFile section */
		9911063D278C30B300BAAF11 /* stb_image.cpp in Sources */ = {isa = PBXBuildFile; fileRef = 9911063C278C30B200BAAF11 /* stb_image.cpp */; };
		997253B1278D7177000BB7AE /* main.cpp in Sources */ = {isa = PBXBuildFile; fileRef = 997253B0278D7177000BB7AE /* main.cpp */; };
		997253B5278D71DF000BB7AE /* OpenGL.framework in Frameworks */ = {isa = PBXBuildFile; fileRef = 99FC37062786D2B6001211CF /* OpenGL.framework */; };
		997253B6278D71E8000BB7AE /* libglfw.3.3.dylib in Frameworks */ = {isa = PBXBuildFile; fileRef = 998410D52789ED1C0023FD6F /* libglfw.3.3.dylib */; };
		997253B7278D7891000BB7AE /* glad.c in Sources */ = {isa = PBXBuildFile; fileRef = 998410BD2789EA5F0023FD6F /* glad.c */; };
		997253B8278D78B5000BB7AE /* stb_image.cpp in Sources */ = {isa = PBXBuildFile; fileRef = 9911063C278C30B200BAAF11 /* stb_image.cpp */; };
		99C0E1C0278AD73300AFFEB8 /* main.cpp in Sources */ = {isa = PBXBuildFile; fileRef = 99C0E1BF278AD73300AFFEB8 /* main.cpp */; };
		99C0E1C4278AD76000AFFEB8 /* OpenGL.framework in Frameworks */ = {isa = PBXBuildFile; fileRef = 99FC37062786D2B6001211CF /* OpenGL.framework */; };
		99C0E1C5278AD76B00AFFEB8 /* libglfw.3.3.dylib in Frameworks */ = {isa = PBXBuildFile; fileRef = 998410D52789ED1C0023FD6F /* libglfw.3.3.dylib */; };
		99C0E1C6278AD77300AFFEB8 /* glad.c in Sources */ = {isa = PBXBuildFile; fileRef = 998410BD2789EA5F0023FD6F /* glad.c */; };
		99C0E1CE278AD7C400AFFEB8 /* main.cpp in Sources */ = {isa = PBXBuildFile; fileRef = 99C0E1CD278AD7C400AFFEB8 /* main.cpp */; };
		99C0E1D2278AD7E900AFFEB8 /* glad.c in Sources */ = {isa = PBXBuildFile; fileRef = 998410BD2789EA5F0023FD6F /* glad.c */; };
		99C0E1D3278AD7F100AFFEB8 /* OpenGL.framework in Frameworks */ = {isa = PBXBuildFile; fileRef = 99FC37062786D2B6001211CF /* OpenGL.framework */; };
		99C0E1D4278AD7F900AFFEB8 /* libglfw.3.3.dylib in Frameworks */ = {isa = PBXBuildFile; fileRef = 998410D52789ED1C0023FD6F /* libglfw.3.3.dylib */; };
		99C0E1DC278AD85700AFFEB8 /* main.cpp in Sources */ = {isa = PBXBuildFile; fileRef = 99C0E1DB278AD85700AFFEB8 /* main.cpp */; };
		99C0E1E0278AD87D00AFFEB8 /* glad.c in Sources */ = {isa = PBXBuildFile; fileRef = 998410BD2789EA5F0023FD6F /* glad.c */; };
		99C0E1E1278AD88500AFFEB8 /* OpenGL.framework in Frameworks */ = {isa = PBXBuildFile; fileRef = 99FC37062786D2B6001211CF /* OpenGL.framework */; };
		99C0E1E2278AD88D00AFFEB8 /* libglfw.3.3.dylib in Frameworks */ = {isa = PBXBuildFile; fileRef = 998410D52789ED1C0023FD6F /* libglfw.3.3.dylib */; };
		99C0E1EA278AD8C800AFFEB8 /* main.cpp in Sources */ = {isa = PBXBuildFile; fileRef = 99C0E1E9278AD8C800AFFEB8 /* main.cpp */; };
		99C0E1EE278AD8D500AFFEB8 /* glad.c in Sources */ = {isa = PBXBuildFile; fileRef = 998410BD2789EA5F0023FD6F /* glad.c */; };
		99C0E1EF278AD8DC00AFFEB8 /* OpenGL.framework in Frameworks */ = {isa = PBXBuildFile; fileRef = 99FC37062786D2B6001211CF /* OpenGL.framework */; };
		99C0E1F0278AD90300AFFEB8 /* libglfw.3.3.dylib in Frameworks */ = {isa = PBXBuildFile; fileRef = 998410D52789ED1C0023FD6F /* libglfw.3.3.dylib */; };
		99C0E1F8278AE7A100AFFEB8 /* main.cpp in Sources */ = {isa = PBXBuildFile; fileRef = 99C0E1F7278AE7A100AFFEB8 /* main.cpp */; };
		99C0E1FC278AE7C400AFFEB8 /* glad.c in Sources */ = {isa = PBXBuildFile; fileRef = 998410BD2789EA5F0023FD6F /* glad.c */; };
		99C0E1FD278AE7CD00AFFEB8 /* OpenGL.framework in Frameworks */ = {isa = PBXBuildFile; fileRef = 99FC37062786D2B6001211CF /* OpenGL.framework */; };
		99C0E1FE278AE7D500AFFEB8 /* libglfw.3.3.dylib in Frameworks */ = {isa = PBXBuildFile; fileRef = 998410D52789ED1C0023FD6F /* libglfw.3.3.dylib */; };
/* End PBXBuildFile section */

/* Begin PBXCopyFilesBuildPhase section */
		997253AC278D7177000BB7AE /* CopyFiles */ = {
			isa = PBXCopyFilesBuildPhase;
			buildActionMask = 2147483647;
			dstPath = /usr/share/man/man1/;
			dstSubfolderSpec = 0;
			files = (
			);
			runOnlyForDeploymentPostprocessing = 1;
		};
		99C0E1BB278AD73300AFFEB8 /* CopyFiles */ = {
			isa = PBXCopyFilesBuildPhase;
			buildActionMask = 2147483647;
			dstPath = /usr/share/man/man1/;
			dstSubfolderSpec = 0;
			files = (
			);
			runOnlyForDeploymentPostprocessing = 1;
		};
		99C0E1C9278AD7C400AFFEB8 /* CopyFiles */ = {
			isa = PBXCopyFilesBuildPhase;
			buildActionMask = 2147483647;
			dstPath = /usr/share/man/man1/;
			dstSubfolderSpec = 0;
			files = (
			);
			runOnlyForDeploymentPostprocessing = 1;
		};
		99C0E1D7278AD85700AFFEB8 /* CopyFiles */ = {
			isa = PBXCopyFilesBuildPhase;
			buildActionMask = 2147483647;
			dstPath = /usr/share/man/man1/;
			dstSubfolderSpec = 0;
			files = (
			);
			runOnlyForDeploymentPostprocessing = 1;
		};
		99C0E1E5278AD8C800AFFEB8 /* CopyFiles */ = {
			isa = PBXCopyFilesBuildPhase;
			buildActionMask = 2147483647;
			dstPath = /usr/share/man/man1/;
			dstSubfolderSpec = 0;
			files = (
			);
			runOnlyForDeploymentPostprocessing = 1;
		};
		99C0E1F3278AE7A100AFFEB8 /* CopyFiles */ = {
			isa = PBXCopyFilesBuildPhase;
			buildActionMask = 2147483647;
			dstPath = /usr/share/man/man1/;
			dstSubfolderSpec = 0;
			files = (
			);
			runOnlyForDeploymentPostprocessing = 1;
		};
/* End PBXCopyFilesBuildPhase section */

/* Begin PBXFileReference section */
		99110638278C1CD000BAAF11 /* shader.h */ = {isa = PBXFileReference; fileEncoding = 4; lastKnownFileType = sourcecode.c.h; name = shader.h; path = includes/learnopengl/shader.h; sourceTree = SOURCE_ROOT; };
		9911063C278C30B200BAAF11 /* stb_image.cpp */ = {isa = PBXFileReference; lastKnownFileType = sourcecode.cpp.cpp; name = stb_image.cpp; path = src/stb_image.cpp; sourceTree = "<group>"; };
		997253AE278D7177000BB7AE /* 1_5_Transform_1 */ = {isa = PBXFileReference; explicitFileType = "compiled.mach-o.executable"; includeInIndex = 0; path = 1_5_Transform_1; sourceTree = BUILT_PRODUCTS_DIR; };
		997253B0278D7177000BB7AE /* main.cpp */ = {isa = PBXFileReference; lastKnownFileType = sourcecode.cpp.cpp; path = main.cpp; sourceTree = "<group>"; };
		99840C1C2789C7480023FD6F /* Resources */ = {isa = PBXFileReference; lastKnownFileType = folder; path = Resources; sourceTree = "<group>"; };
		998410BD2789EA5F0023FD6F /* glad.c */ = {isa = PBXFileReference; fileEncoding = 4; lastKnownFileType = sourcecode.c.c; name = glad.c; path = src/glad.c; sourceTree = SOURCE_ROOT; };
		998410D52789ED1C0023FD6F /* libglfw.3.3.dylib */ = {isa = PBXFileReference; lastKnownFileType = "compiled.mach-o.dylib"; name = libglfw.3.3.dylib; path = libs/libglfw.3.3.dylib; sourceTree = "<group>"; };
		998410D72789ED830023FD6F /* libGLEW.2.2.0.dylib */ = {isa = PBXFileReference; lastKnownFileType = "compiled.mach-o.dylib"; name = libGLEW.2.2.0.dylib; path = libs/libGLEW.2.2.0.dylib; sourceTree = "<group>"; };
		99C0E1BD278AD73300AFFEB8 /* 1_1_FirstWindow */ = {isa = PBXFileReference; explicitFileType = "compiled.mach-o.executable"; includeInIndex = 0; path = 1_1_FirstWindow; sourceTree = BUILT_PRODUCTS_DIR; };
		99C0E1BF278AD73300AFFEB8 /* main.cpp */ = {isa = PBXFileReference; lastKnownFileType = sourcecode.cpp.cpp; path = main.cpp; sourceTree = "<group>"; };
		99C0E1CB278AD7C400AFFEB8 /* 1_2_TrianleShander */ = {isa = PBXFileReference; explicitFileType = "compiled.mach-o.executable"; includeInIndex = 0; path = 1_2_TrianleShander; sourceTree = BUILT_PRODUCTS_DIR; };
		99C0E1CD278AD7C400AFFEB8 /* main.cpp */ = {isa = PBXFileReference; lastKnownFileType = sourcecode.cpp.cpp; path = main.cpp; sourceTree = "<group>"; };
		99C0E1D9278AD85700AFFEB8 /* 1_3_TriangleColor */ = {isa = PBXFileReference; explicitFileType = "compiled.mach-o.executable"; includeInIndex = 0; path = 1_3_TriangleColor; sourceTree = BUILT_PRODUCTS_DIR; };
		99C0E1DB278AD85700AFFEB8 /* main.cpp */ = {isa = PBXFileReference; lastKnownFileType = sourcecode.cpp.cpp; path = main.cpp; sourceTree = "<group>"; };
		99C0E1E7278AD8C800AFFEB8 /* 1_4_Texture_1 */ = {isa = PBXFileReference; explicitFileType = "compiled.mach-o.executable"; includeInIndex = 0; path = 1_4_Texture_1; sourceTree = BUILT_PRODUCTS_DIR; };
		99C0E1E9278AD8C800AFFEB8 /* main.cpp */ = {isa = PBXFileReference; lastKnownFileType = sourcecode.cpp.cpp; path = main.cpp; sourceTree = "<group>"; };
		99C0E1F5278AE7A100AFFEB8 /* 1_3_TriangleColor_1 */ = {isa = PBXFileReference; explicitFileType = "compiled.mach-o.executable"; includeInIndex = 0; path = 1_3_TriangleColor_1; sourceTree = BUILT_PRODUCTS_DIR; };
		99C0E1F7278AE7A100AFFEB8 /* main.cpp */ = {isa = PBXFileReference; lastKnownFileType = sourcecode.cpp.cpp; path = main.cpp; sourceTree = "<group>"; };
		99FC37062786D2B6001211CF /* OpenGL.framework */ = {isa = PBXFileReference; lastKnownFileType = wrapper.framework; name = OpenGL.framework; path = System/Library/Frameworks/OpenGL.framework; sourceTree = SDKROOT; };
		99FC37082786D2BF001211CF /* GLUT.framework */ = {isa = PBXFileReference; lastKnownFileType = wrapper.framework; name = GLUT.framework; path = System/Library/Frameworks/GLUT.framework; sourceTree = SDKROOT; };
		99FC370C2786D704001211CF /* libGLEW.2.2.0.dylib */ = {isa = PBXFileReference; lastKnownFileType = "compiled.mach-o.dylib"; name = libGLEW.2.2.0.dylib; path = ../../../../../../usr/local/Cellar/glew/2.2.0_1/lib/libGLEW.2.2.0.dylib; sourceTree = "<group>"; };
		99FC371E2786EA5F001211CF /* libglfw.3.3.dylib */ = {isa = PBXFileReference; lastKnownFileType = "compiled.mach-o.dylib"; name = libglfw.3.3.dylib; path = GLSL/glfw/3.3.4/lib/libglfw.3.3.dylib; sourceTree = "<group>"; };
/* End PBXFileReference section */

/* Begin PBXFrameworksBuildPhase section */
		997253AB278D7177000BB7AE /* Frameworks */ = {
			isa = PBXFrameworksBuildPhase;
			buildActionMask = 2147483647;
			files = (
				997253B6278D71E8000BB7AE /* libglfw.3.3.dylib in Frameworks */,
				997253B5278D71DF000BB7AE /* OpenGL.framework in Frameworks */,
			);
			runOnlyForDeploymentPostprocessing = 0;
		};
		99C0E1BA278AD73300AFFEB8 /* Frameworks */ = {
			isa = PBXFrameworksBuildPhase;
			buildActionMask = 2147483647;
			files = (
				99C0E1C5278AD76B00AFFEB8 /* libglfw.3.3.dylib in Frameworks */,
				99C0E1C4278AD76000AFFEB8 /* OpenGL.framework in Frameworks */,
			);
			runOnlyForDeploymentPostprocessing = 0;
		};
		99C0E1C8278AD7C400AFFEB8 /* Frameworks */ = {
			isa = PBXFrameworksBuildPhase;
			buildActionMask = 2147483647;
			files = (
				99C0E1D4278AD7F900AFFEB8 /* libglfw.3.3.dylib in Frameworks */,
				99C0E1D3278AD7F100AFFEB8 /* OpenGL.framework in Frameworks */,
			);
			runOnlyForDeploymentPostprocessing = 0;
		};
		99C0E1D6278AD85700AFFEB8 /* Frameworks */ = {
			isa = PBXFrameworksBuildPhase;
			buildActionMask = 2147483647;
			files = (
				99C0E1E2278AD88D00AFFEB8 /* libglfw.3.3.dylib in Frameworks */,
				99C0E1E1278AD88500AFFEB8 /* OpenGL.framework in Frameworks */,
			);
			runOnlyForDeploymentPostprocessing = 0;
		};
		99C0E1E4278AD8C800AFFEB8 /* Frameworks */ = {
			isa = PBXFrameworksBuildPhase;
			buildActionMask = 2147483647;
			files = (
				99C0E1F0278AD90300AFFEB8 /* libglfw.3.3.dylib in Frameworks */,
				99C0E1EF278AD8DC00AFFEB8 /* OpenGL.framework in Frameworks */,
			);
			runOnlyForDeploymentPostprocessing = 0;
		};
		99C0E1F2278AE7A100AFFEB8 /* Frameworks */ = {
			isa = PBXFrameworksBuildPhase;
			buildActionMask = 2147483647;
			files = (
				99C0E1FE278AE7D500AFFEB8 /* libglfw.3.3.dylib in Frameworks */,
				99C0E1FD278AE7CD00AFFEB8 /* OpenGL.framework in Frameworks */,
			);
			runOnlyForDeploymentPostprocessing = 0;
		};
/* End PBXFrameworksBuildPhase section */

/* Begin PBXGroup section */
		997253AF278D7177000BB7AE /* 1_5_Transform_1 */ = {
			isa = PBXGroup;
			children = (
				997253B0278D7177000BB7AE /* main.cpp */,
			);
			path = 1_5_Transform_1;
			sourceTree = "<group>";
		};
		998410BA2789E9FD0023FD6F /* GLAD */ = {
			isa = PBXGroup;
			children = (
				99110638278C1CD000BAAF11 /* shader.h */,
				998410BD2789EA5F0023FD6F /* glad.c */,
			);
			path = GLAD;
			sourceTree = "<group>";
		};
		99C0E19A278ABA5900AFFEB8 /* 1.Basic */ = {
			isa = PBXGroup;
			children = (
				99C0E1BE278AD73300AFFEB8 /* 1_1_FirstWindow */,
				99C0E1CC278AD7C400AFFEB8 /* 1_2_TrianleShander */,
				99C0E1DA278AD85700AFFEB8 /* 1_3_TriangleColor */,
				99C0E1F6278AE7A100AFFEB8 /* 1_3_TriangleColor_1 */,
				99C0E1E8278AD8C800AFFEB8 /* 1_4_Texture_1 */,
				997253AF278D7177000BB7AE /* 1_5_Transform_1 */,
			);
			name = 1.Basic;
			path = src/1.Basic;
			sourceTree = "<group>";
		};
		99C0E1BE278AD73300AFFEB8 /* 1_1_FirstWindow */ = {
			isa = PBXGroup;
			children = (
				99C0E1BF278AD73300AFFEB8 /* main.cpp */,
			);
			path = 1_1_FirstWindow;
			sourceTree = "<group>";
		};
		99C0E1CC278AD7C400AFFEB8 /* 1_2_TrianleShander */ = {
			isa = PBXGroup;
			children = (
				99C0E1CD278AD7C400AFFEB8 /* main.cpp */,
			);
			path = 1_2_TrianleShander;
			sourceTree = "<group>";
		};
		99C0E1DA278AD85700AFFEB8 /* 1_3_TriangleColor */ = {
			isa = PBXGroup;
			children = (
				99C0E1DB278AD85700AFFEB8 /* main.cpp */,
			);
			path = 1_3_TriangleColor;
			sourceTree = "<group>";
		};
		99C0E1E8278AD8C800AFFEB8 /* 1_4_Texture_1 */ = {
			isa = PBXGroup;
			children = (
				99C0E1E9278AD8C800AFFEB8 /* main.cpp */,
			);
			path = 1_4_Texture_1;
			sourceTree = "<group>";
		};
		99C0E1F6278AE7A100AFFEB8 /* 1_3_TriangleColor_1 */ = {
			isa = PBXGroup;
			children = (
				99C0E1F7278AE7A100AFFEB8 /* main.cpp */,
			);
			path = 1_3_TriangleColor_1;
			sourceTree = "<group>";
		};
		99FC36DC2786C42F001211CF = {
			isa = PBXGroup;
			children = (
				9911063C278C30B200BAAF11 /* stb_image.cpp */,
				99C0E19A278ABA5900AFFEB8 /* 1.Basic */,
				998410BA2789E9FD0023FD6F /* GLAD */,
				99FC36E62786C42F001211CF /* Products */,
				99FC37052786D2B6001211CF /* Frameworks */,
				99840C1C2789C7480023FD6F /* Resources */,
			);
			sourceTree = "<group>";
		};
		99FC36E62786C42F001211CF /* Products */ = {
			isa = PBXGroup;
			children = (
				99C0E1BD278AD73300AFFEB8 /* 1_1_FirstWindow */,
				99C0E1CB278AD7C400AFFEB8 /* 1_2_TrianleShander */,
				99C0E1D9278AD85700AFFEB8 /* 1_3_TriangleColor */,
				99C0E1E7278AD8C800AFFEB8 /* 1_4_Texture_1 */,
				99C0E1F5278AE7A100AFFEB8 /* 1_3_TriangleColor_1 */,
				997253AE278D7177000BB7AE /* 1_5_Transform_1 */,
			);
			name = Products;
			sourceTree = "<group>";
		};
		99FC37052786D2B6001211CF /* Frameworks */ = {
			isa = PBXGroup;
			children = (
				998410D72789ED830023FD6F /* libGLEW.2.2.0.dylib */,
				998410D52789ED1C0023FD6F /* libglfw.3.3.dylib */,
				99FC371E2786EA5F001211CF /* libglfw.3.3.dylib */,
				99FC370C2786D704001211CF /* libGLEW.2.2.0.dylib */,
				99FC37082786D2BF001211CF /* GLUT.framework */,
				99FC37062786D2B6001211CF /* OpenGL.framework */,
			);
			name = Frameworks;
			sourceTree = "<group>";
		};
/* End PBXGroup section */

/* Begin PBXNativeTarget section */
		997253AD278D7177000BB7AE /* 1_5_Transform_1 */ = {
			isa = PBXNativeTarget;
			buildConfigurationList = 997253B4278D7177000BB7AE /* Build configuration list for PBXNativeTarget "1_5_Transform_1" */;
			buildPhases = (
				997253AA278D7177000BB7AE /* Sources */,
				997253AB278D7177000BB7AE /* Frameworks */,
				997253AC278D7177000BB7AE /* CopyFiles */,
			);
			buildRules = (
			);
			dependencies = (
			);
			name = 1_5_Transform_1;
			productName = 1_5_Transform_1;
			productReference = 997253AE278D7177000BB7AE /* 1_5_Transform_1 */;
			productType = "com.apple.product-type.tool";
		};
		99C0E1BC278AD73300AFFEB8 /* 1_1_FirstWindow */ = {
			isa = PBXNativeTarget;
			buildConfigurationList = 99C0E1C1278AD73300AFFEB8 /* Build configuration list for PBXNativeTarget "1_1_FirstWindow" */;
			buildPhases = (
				99C0E1B9278AD73300AFFEB8 /* Sources */,
				99C0E1BA278AD73300AFFEB8 /* Frameworks */,
				99C0E1BB278AD73300AFFEB8 /* CopyFiles */,
			);
			buildRules = (
			);
			dependencies = (
			);
			name = 1_1_FirstWindow;
			productName = 1_1_FirstWindow;
			productReference = 99C0E1BD278AD73300AFFEB8 /* 1_1_FirstWindow */;
			productType = "com.apple.product-type.tool";
		};
		99C0E1CA278AD7C400AFFEB8 /* 1_2_TrianleShander */ = {
			isa = PBXNativeTarget;
			buildConfigurationList = 99C0E1CF278AD7C400AFFEB8 /* Build configuration list for PBXNativeTarget "1_2_TrianleShander" */;
			buildPhases = (
				99C0E1C7278AD7C400AFFEB8 /* Sources */,
				99C0E1C8278AD7C400AFFEB8 /* Frameworks */,
				99C0E1C9278AD7C400AFFEB8 /* CopyFiles */,
			);
			buildRules = (
			);
			dependencies = (
			);
			name = 1_2_TrianleShander;
			productName = 1_2_TrianleShander;
			productReference = 99C0E1CB278AD7C400AFFEB8 /* 1_2_TrianleShander */;
			productType = "com.apple.product-type.tool";
		};
		99C0E1D8278AD85700AFFEB8 /* 1_3_TriangleColor */ = {
			isa = PBXNativeTarget;
			buildConfigurationList = 99C0E1DD278AD85700AFFEB8 /* Build configuration list for PBXNativeTarget "1_3_TriangleColor" */;
			buildPhases = (
				99C0E1D5278AD85700AFFEB8 /* Sources */,
				99C0E1D6278AD85700AFFEB8 /* Frameworks */,
				99C0E1D7278AD85700AFFEB8 /* CopyFiles */,
			);
			buildRules = (
			);
			dependencies = (
			);
			name = 1_3_TriangleColor;
			productName = 1_3_TriangleColor;
			productReference = 99C0E1D9278AD85700AFFEB8 /* 1_3_TriangleColor */;
			productType = "com.apple.product-type.tool";
		};
		99C0E1E6278AD8C800AFFEB8 /* 1_4_Texture_1 */ = {
			isa = PBXNativeTarget;
			buildConfigurationList = 99C0E1EB278AD8C800AFFEB8 /* Build configuration list for PBXNativeTarget "1_4_Texture_1" */;
			buildPhases = (
				99C0E1E3278AD8C800AFFEB8 /* Sources */,
				99C0E1E4278AD8C800AFFEB8 /* Frameworks */,
				99C0E1E5278AD8C800AFFEB8 /* CopyFiles */,
			);
			buildRules = (
			);
			dependencies = (
			);
			name = 1_4_Texture_1;
			productName = 1_4_Texture_1;
			productReference = 99C0E1E7278AD8C800AFFEB8 /* 1_4_Texture_1 */;
			productType = "com.apple.product-type.tool";
		};
		99C0E1F4278AE7A100AFFEB8 /* 1_3_TriangleColor_1 */ = {
			isa = PBXNativeTarget;
			buildConfigurationList = 99C0E1F9278AE7A100AFFEB8 /* Build configuration list for PBXNativeTarget "1_3_TriangleColor_1" */;
			buildPhases = (
				99C0E1F1278AE7A100AFFEB8 /* Sources */,
				99C0E1F2278AE7A100AFFEB8 /* Frameworks */,
				99C0E1F3278AE7A100AFFEB8 /* CopyFiles */,
			);
			buildRules = (
			);
			dependencies = (
			);
			name = 1_3_TriangleColor_1;
			productName = 1_3_TriangleColor_1;
			productReference = 99C0E1F5278AE7A100AFFEB8 /* 1_3_TriangleColor_1 */;
			productType = "com.apple.product-type.tool";
		};
/* End PBXNativeTarget section */

/* Begin PBXProject section */
		99FC36DD2786C42F001211CF /* Project object */ = {
			isa = PBXProject;
			attributes = {
				LastUpgradeCheck = 1130;
				TargetAttributes = {
					997253AD278D7177000BB7AE = {
						CreatedOnToolsVersion = 11.3.1;
					};
					99C0E1BC278AD73300AFFEB8 = {
						CreatedOnToolsVersion = 11.3.1;
					};
					99C0E1CA278AD7C400AFFEB8 = {
						CreatedOnToolsVersion = 11.3.1;
					};
					99C0E1D8278AD85700AFFEB8 = {
						CreatedOnToolsVersion = 11.3.1;
					};
					99C0E1E6278AD8C800AFFEB8 = {
						CreatedOnToolsVersion = 11.3.1;
					};
					99C0E1F4278AE7A100AFFEB8 = {
						CreatedOnToolsVersion = 11.3.1;
					};
				};
			};
			buildConfigurationList = 99FC36E02786C42F001211CF /* Build configuration list for PBXProject "OpenGLDemo" */;
			compatibilityVersion = "Xcode 9.3";
			developmentRegion = en;
			hasScannedForEncodings = 0;
			knownRegions = (
				en,
				Base,
			);
			mainGroup = 99FC36DC2786C42F001211CF;
			productRefGroup = 99FC36E62786C42F001211CF /* Products */;
			projectDirPath = "";
			projectRoot = "";
			targets = (
				99C0E1BC278AD73300AFFEB8 /* 1_1_FirstWindow */,
				99C0E1CA278AD7C400AFFEB8 /* 1_2_TrianleShander */,
				99C0E1D8278AD85700AFFEB8 /* 1_3_TriangleColor */,
				99C0E1F4278AE7A100AFFEB8 /* 1_3_TriangleColor_1 */,
				99C0E1E6278AD8C800AFFEB8 /* 1_4_Texture_1 */,
				997253AD278D7177000BB7AE /* 1_5_Transform_1 */,
			);
		};
/* End PBXProject section */

/* Begin PBXSourcesBuildPhase section */
		997253AA278D7177000BB7AE /* Sources */ = {
			isa = PBXSourcesBuildPhase;
			buildActionMask = 2147483647;
			files = (
				997253B8278D78B5000BB7AE /* stb_image.cpp in Sources */,
				997253B7278D7891000BB7AE /* glad.c in Sources */,
				997253B1278D7177000BB7AE /* main.cpp in Sources */,
			);
			runOnlyForDeploymentPostprocessing = 0;
		};
		99C0E1B9278AD73300AFFEB8 /* Sources */ = {
			isa = PBXSourcesBuildPhase;
			buildActionMask = 2147483647;
			files = (
				99C0E1C6278AD77300AFFEB8 /* glad.c in Sources */,
				99C0E1C0278AD73300AFFEB8 /* main.cpp in Sources */,
			);
			runOnlyForDeploymentPostprocessing = 0;
		};
		99C0E1C7278AD7C400AFFEB8 /* Sources */ = {
			isa = PBXSourcesBuildPhase;
			buildActionMask = 2147483647;
			files = (
				99C0E1D2278AD7E900AFFEB8 /* glad.c in Sources */,
				99C0E1CE278AD7C400AFFEB8 /* main.cpp in Sources */,
			);
			runOnlyForDeploymentPostprocessing = 0;
		};
		99C0E1D5278AD85700AFFEB8 /* Sources */ = {
			isa = PBXSourcesBuildPhase;
			buildActionMask = 2147483647;
			files = (
				99C0E1E0278AD87D00AFFEB8 /* glad.c in Sources */,
				99C0E1DC278AD85700AFFEB8 /* main.cpp in Sources */,
			);
			runOnlyForDeploymentPostprocessing = 0;
		};
		99C0E1E3278AD8C800AFFEB8 /* Sources */ = {
			isa = PBXSourcesBuildPhase;
			buildActionMask = 2147483647;
			files = (
				9911063D278C30B300BAAF11 /* stb_image.cpp in Sources */,
				99C0E1EE278AD8D500AFFEB8 /* glad.c in Sources */,
				99C0E1EA278AD8C800AFFEB8 /* main.cpp in Sources */,
			);
			runOnlyForDeploymentPostprocessing = 0;
		};
		99C0E1F1278AE7A100AFFEB8 /* Sources */ = {
			isa = PBXSourcesBuildPhase;
			buildActionMask = 2147483647;
			files = (
				99C0E1FC278AE7C400AFFEB8 /* glad.c in Sources */,
				99C0E1F8278AE7A100AFFEB8 /* main.cpp in Sources */,
			);
			runOnlyForDeploymentPostprocessing = 0;
		};
/* End PBXSourcesBuildPhase section */

/* Begin XCBuildConfiguration section */
		997253B2278D7177000BB7AE /* Debug */ = {
			isa = XCBuildConfiguration;
			buildSettings = {
				CODE_SIGN_STYLE = Automatic;
				HEADER_SEARCH_PATHS = "$(PROJECT_DIR)/includes";
				LIBRARY_SEARCH_PATHS = (
					"$(inherited)",
					"$(PROJECT_DIR)/libs",
				);
				PRODUCT_NAME = "$(TARGET_NAME)";
			};
			name = Debug;
		};
		997253B3278D7177000BB7AE /* Release */ = {
			isa = XCBuildConfiguration;
			buildSettings = {
				CODE_SIGN_STYLE = Automatic;
				HEADER_SEARCH_PATHS = "$(PROJECT_DIR)/includes";
				LIBRARY_SEARCH_PATHS = (
					"$(inherited)",
					"$(PROJECT_DIR)/libs",
				);
				PRODUCT_NAME = "$(TARGET_NAME)";
			};
			name = Release;
		};
		99C0E1C2278AD73300AFFEB8 /* Debug */ = {
			isa = XCBuildConfiguration;
			buildSettings = {
				CODE_SIGN_STYLE = Automatic;
				HEADER_SEARCH_PATHS = "$(PROJECT_DIR)/includes";
				LIBRARY_SEARCH_PATHS = (
					"$(inherited)",
					"$(PROJECT_DIR)/libs",
				);
				PRODUCT_NAME = "$(TARGET_NAME)";
			};
			name = Debug;
		};
		99C0E1C3278AD73300AFFEB8 /* Release */ = {
			isa = XCBuildConfiguration;
			buildSettings = {
				CODE_SIGN_STYLE = Automatic;
				HEADER_SEARCH_PATHS = "$(PROJECT_DIR)/includes";
				LIBRARY_SEARCH_PATHS = (
					"$(inherited)",
					"$(PROJECT_DIR)/libs",
				);
				PRODUCT_NAME = "$(TARGET_NAME)";
			};
			name = Release;
		};
		99C0E1D0278AD7C400AFFEB8 /* Debug */ = {
			isa = XCBuildConfiguration;
			buildSettings = {
				CODE_SIGN_STYLE = Automatic;
				HEADER_SEARCH_PATHS = "$(PROJECT_DIR)/includes";
				LIBRARY_SEARCH_PATHS = (
					"$(inherited)",
					"$(PROJECT_DIR)/libs",
				);
				PRODUCT_NAME = "$(TARGET_NAME)";
			};
			name = Debug;
		};
		99C0E1D1278AD7C400AFFEB8 /* Release */ = {
			isa = XCBuildConfiguration;
			buildSettings = {
				CODE_SIGN_STYLE = Automatic;
				HEADER_SEARCH_PATHS = "$(PROJECT_DIR)/includes";
				LIBRARY_SEARCH_PATHS = (
					"$(inherited)",
					"$(PROJECT_DIR)/libs",
				);
				PRODUCT_NAME = "$(TARGET_NAME)";
			};
			name = Release;
		};
		99C0E1DE278AD85700AFFEB8 /* Debug */ = {
			isa = XCBuildConfiguration;
			buildSettings = {
				CODE_SIGN_STYLE = Automatic;
				HEADER_SEARCH_PATHS = "$(PROJECT_DIR)/includes";
				LIBRARY_SEARCH_PATHS = (
					"$(inherited)",
					"$(PROJECT_DIR)/libs",
				);
				PRODUCT_NAME = "$(TARGET_NAME)";
			};
			name = Debug;
		};
		99C0E1DF278AD85700AFFEB8 /* Release */ = {
			isa = XCBuildConfiguration;
			buildSettings = {
				CODE_SIGN_STYLE = Automatic;
				HEADER_SEARCH_PATHS = "$(PROJECT_DIR)/includes";
				LIBRARY_SEARCH_PATHS = (
					"$(inherited)",
					"$(PROJECT_DIR)/libs",
				);
				PRODUCT_NAME = "$(TARGET_NAME)";
			};
			name = Release;
		};
		99C0E1EC278AD8C800AFFEB8 /* Debug */ = {
			isa = XCBuildConfiguration;
			buildSettings = {
				CODE_SIGN_STYLE = Automatic;
				HEADER_SEARCH_PATHS = "$(PROJECT_DIR)/includes";
				LIBRARY_SEARCH_PATHS = (
					"$(inherited)",
					"$(PROJECT_DIR)/libs",
				);
				PRODUCT_NAME = "$(TARGET_NAME)";
			};
			name = Debug;
		};
		99C0E1ED278AD8C800AFFEB8 /* Release */ = {
			isa = XCBuildConfiguration;
			buildSettings = {
				CODE_SIGN_STYLE = Automatic;
				HEADER_SEARCH_PATHS = "$(PROJECT_DIR)/includes";
				LIBRARY_SEARCH_PATHS = (
					"$(inherited)",
					"$(PROJECT_DIR)/libs",
				);
				PRODUCT_NAME = "$(TARGET_NAME)";
			};
			name = Release;
		};
		99C0E1FA278AE7A100AFFEB8 /* Debug */ = {
			isa = XCBuildConfiguration;
			buildSettings = {
				CODE_SIGN_STYLE = Automatic;
				HEADER_SEARCH_PATHS = "$(PROJECT_DIR)/includes";
				LIBRARY_SEARCH_PATHS = (
					"$(inherited)",
					"$(PROJECT_DIR)/libs",
				);
				PRODUCT_NAME = "$(TARGET_NAME)";
			};
			name = Debug;
		};
		99C0E1FB278AE7A100AFFEB8 /* Release */ = {
			isa = XCBuildConfiguration;
			buildSettings = {
				CODE_SIGN_STYLE = Automatic;
				HEADER_SEARCH_PATHS = "$(PROJECT_DIR)/includes";
				LIBRARY_SEARCH_PATHS = (
					"$(inherited)",
					"$(PROJECT_DIR)/libs",
				);
				PRODUCT_NAME = "$(TARGET_NAME)";
			};
			name = Release;
		};
		99FC36EA2786C42F001211CF /* Debug */ = {
			isa = XCBuildConfiguration;
			buildSettings = {
				ALWAYS_SEARCH_USER_PATHS = NO;
				CLANG_ANALYZER_NONNULL = YES;
				CLANG_ANALYZER_NUMBER_OBJECT_CONVERSION = YES_AGGRESSIVE;
				CLANG_CXX_LANGUAGE_STANDARD = "gnu++14";
				CLANG_CXX_LIBRARY = "libc++";
				CLANG_ENABLE_MODULES = YES;
				CLANG_ENABLE_OBJC_ARC = YES;
				CLANG_ENABLE_OBJC_WEAK = YES;
				CLANG_WARN_BLOCK_CAPTURE_AUTORELEASING = YES;
				CLANG_WARN_BOOL_CONVERSION = YES;
				CLANG_WARN_COMMA = YES;
				CLANG_WARN_CONSTANT_CONVERSION = YES;
				CLANG_WARN_DEPRECATED_OBJC_IMPLEMENTATIONS = YES;
				CLANG_WARN_DIRECT_OBJC_ISA_USAGE = YES_ERROR;
				CLANG_WARN_DOCUMENTATION_COMMENTS = YES;
				CLANG_WARN_EMPTY_BODY = YES;
				CLANG_WARN_ENUM_CONVERSION = YES;
				CLANG_WARN_INFINITE_RECURSION = YES;
				CLANG_WARN_INT_CONVERSION = YES;
				CLANG_WARN_NON_LITERAL_NULL_CONVERSION = YES;
				CLANG_WARN_OBJC_IMPLICIT_RETAIN_SELF = YES;
				CLANG_WARN_OBJC_LITERAL_CONVERSION = YES;
				CLANG_WARN_OBJC_ROOT_CLASS = YES_ERROR;
				CLANG_WARN_RANGE_LOOP_ANALYSIS = YES;
				CLANG_WARN_STRICT_PROTOTYPES = YES;
				CLANG_WARN_SUSPICIOUS_MOVE = YES;
				CLANG_WARN_UNGUARDED_AVAILABILITY = YES_AGGRESSIVE;
				CLANG_WARN_UNREACHABLE_CODE = YES;
				CLANG_WARN__DUPLICATE_METHOD_MATCH = YES;
				COPY_PHASE_STRIP = NO;
				DEBUG_INFORMATION_FORMAT = dwarf;
				ENABLE_STRICT_OBJC_MSGSEND = YES;
				ENABLE_TESTABILITY = YES;
				GCC_C_LANGUAGE_STANDARD = gnu11;
				GCC_DYNAMIC_NO_PIC = NO;
				GCC_NO_COMMON_BLOCKS = YES;
				GCC_OPTIMIZATION_LEVEL = 0;
				GCC_PREPROCESSOR_DEFINITIONS = (
					"DEBUG=1",
					"$(inherited)",
				);
				GCC_WARN_64_TO_32_BIT_CONVERSION = YES;
				GCC_WARN_ABOUT_RETURN_TYPE = YES_ERROR;
				GCC_WARN_UNDECLARED_SELECTOR = YES;
				GCC_WARN_UNINITIALIZED_AUTOS = YES_AGGRESSIVE;
				GCC_WARN_UNUSED_FUNCTION = YES;
				GCC_WARN_UNUSED_VARIABLE = YES;
				HEADER_SEARCH_PATHS = "";
				MACOSX_DEPLOYMENT_TARGET = 10.14;
				MTL_ENABLE_DEBUG_INFO = INCLUDE_SOURCE;
				MTL_FAST_MATH = YES;
				ONLY_ACTIVE_ARCH = YES;
				SDKROOT = macosx;
				USER_HEADER_SEARCH_PATHS = "";
			};
			name = Debug;
		};
		99FC36EB2786C42F001211CF /* Release */ = {
			isa = XCBuildConfiguration;
			buildSettings = {
				ALWAYS_SEARCH_USER_PATHS = NO;
				CLANG_ANALYZER_NONNULL = YES;
				CLANG_ANALYZER_NUMBER_OBJECT_CONVERSION = YES_AGGRESSIVE;
				CLANG_CXX_LANGUAGE_STANDARD = "gnu++14";
				CLANG_CXX_LIBRARY = "libc++";
				CLANG_ENABLE_MODULES = YES;
				CLANG_ENABLE_OBJC_ARC = YES;
				CLANG_ENABLE_OBJC_WEAK = YES;
				CLANG_WARN_BLOCK_CAPTURE_AUTORELEASING = YES;
				CLANG_WARN_BOOL_CONVERSION = YES;
				CLANG_WARN_COMMA = YES;
				CLANG_WARN_CONSTANT_CONVERSION = YES;
				CLANG_WARN_DEPRECATED_OBJC_IMPLEMENTATIONS = YES;
				CLANG_WARN_DIRECT_OBJC_ISA_USAGE = YES_ERROR;
				CLANG_WARN_DOCUMENTATION_COMMENTS = YES;
				CLANG_WARN_EMPTY_BODY = YES;
				CLANG_WARN_ENUM_CONVERSION = YES;
				CLANG_WARN_INFINITE_RECURSION = YES;
				CLANG_WARN_INT_CONVERSION = YES;
				CLANG_WARN_NON_LITERAL_NULL_CONVERSION = YES;
				CLANG_WARN_OBJC_IMPLICIT_RETAIN_SELF = YES;
				CLANG_WARN_OBJC_LITERAL_CONVERSION = YES;
				CLANG_WARN_OBJC_ROOT_CLASS = YES_ERROR;
				CLANG_WARN_RANGE_LOOP_ANALYSIS = YES;
				CLANG_WARN_STRICT_PROTOTYPES = YES;
				CLANG_WARN_SUSPICIOUS_MOVE = YES;
				CLANG_WARN_UNGUARDED_AVAILABILITY = YES_AGGRESSIVE;
				CLANG_WARN_UNREACHABLE_CODE = YES;
				CLANG_WARN__DUPLICATE_METHOD_MATCH = YES;
				COPY_PHASE_STRIP = NO;
				DEBUG_INFORMATION_FORMAT = "dwarf-with-dsym";
				ENABLE_NS_ASSERTIONS = NO;
				ENABLE_STRICT_OBJC_MSGSEND = YES;
				GCC_C_LANGUAGE_STANDARD = gnu11;
				GCC_NO_COMMON_BLOCKS = YES;
				GCC_WARN_64_TO_32_BIT_CONVERSION = YES;
				GCC_WARN_ABOUT_RETURN_TYPE = YES_ERROR;
				GCC_WARN_UNDECLARED_SELECTOR = YES;
				GCC_WARN_UNINITIALIZED_AUTOS = YES_AGGRESSIVE;
				GCC_WARN_UNUSED_FUNCTION = YES;
				GCC_WARN_UNUSED_VARIABLE = YES;
				HEADER_SEARCH_PATHS = "";
				MACOSX_DEPLOYMENT_TARGET = 10.14;
				MTL_ENABLE_DEBUG_INFO = NO;
				MTL_FAST_MATH = YES;
				SDKROOT = macosx;
				USER_HEADER_SEARCH_PATHS = "";
			};
			name = Release;
		};
/* End XCBuildConfiguration section */

/* Begin XCConfigurationList section */
		997253B4278D7177000BB7AE /* Build configuration list for PBXNativeTarget "1_5_Transform_1" */ = {
			isa = XCConfigurationList;
			buildConfigurations = (
				997253B2278D7177000BB7AE /* Debug */,
				997253B3278D7177000BB7AE /* Release */,
			);
			defaultConfigurationIsVisible = 0;
			defaultConfigurationName = Release;
		};
		99C0E1C1278AD73300AFFEB8 /* Build configuration list for PBXNativeTarget "1_1_FirstWindow" */ = {
			isa = XCConfigurationList;
			buildConfigurations = (
				99C0E1C2278AD73300AFFEB8 /* Debug */,
				99C0E1C3278AD73300AFFEB8 /* Release */,
			);
			defaultConfigurationIsVisible = 0;
			defaultConfigurationName = Release;
		};
		99C0E1CF278AD7C400AFFEB8 /* Build configuration list for PBXNativeTarget "1_2_TrianleShander" */ = {
			isa = XCConfigurationList;
			buildConfigurations = (
				99C0E1D0278AD7C400AFFEB8 /* Debug */,
				99C0E1D1278AD7C400AFFEB8 /* Release */,
			);
			defaultConfigurationIsVisible = 0;
			defaultConfigurationName = Release;
		};
		99C0E1DD278AD85700AFFEB8 /* Build configuration list for PBXNativeTarget "1_3_TriangleColor" */ = {
			isa = XCConfigurationList;
			buildConfigurations = (
				99C0E1DE278AD85700AFFEB8 /* Debug */,
				99C0E1DF278AD85700AFFEB8 /* Release */,
			);
			defaultConfigurationIsVisible = 0;
			defaultConfigurationName = Release;
		};
		99C0E1EB278AD8C800AFFEB8 /* Build configuration list for PBXNativeTarget "1_4_Texture_1" */ = {
			isa = XCConfigurationList;
			buildConfigurations = (
				99C0E1EC278AD8C800AFFEB8 /* Debug */,
				99C0E1ED278AD8C800AFFEB8 /* Release */,
			);
			defaultConfigurationIsVisible = 0;
			defaultConfigurationName = Release;
		};
		99C0E1F9278AE7A100AFFEB8 /* Build configuration list for PBXNativeTarget "1_3_TriangleColor_1" */ = {
			isa = XCConfigurationList;
			buildConfigurations = (
				99C0E1FA278AE7A100AFFEB8 /* Debug */,
				99C0E1FB278AE7A100AFFEB8 /* Release */,
			);
			defaultConfigurationIsVisible = 0;
			defaultConfigurationName = Release;
		};
		99FC36E02786C42F001211CF /* Build configuration list for PBXProject "OpenGLDemo" */ = {
			isa = XCConfigurationList;
			buildConfigurations = (
				99FC36EA2786C42F001211CF /* Debug */,
				99FC36EB2786C42F001211CF /* Release */,
			);
			defaultConfigurationIsVisible = 0;
			defaultConfigurationName = Release;
		};
/* End XCConfigurationList section */
	};
	rootObject = 99FC36DD2786C42F001211CF /* Project object */;
}
